
Microsoft Visual Studio Solution File, Format Version 12.00
# Visual Studio 15
VisualStudioVersion = 15.0.27703.2026
MinimumVisualStudioVersion = 10.0.40219.1
Project("{FAE04EC0-301F-11D3-BF4B-00C04F79EFBC}") = "FinalProject_18300021", "FinalProject_18300021\FinalProject_18300021.csproj", "{DC3AC48E-8A97-45F0-A583-447D30C44163}"
EndProject
Global
	GlobalSection(SolutionConfigurationPlatforms) = preSolution
		Debug|Any CPU = Debug|Any CPU
		Release|Any CPU = Release|Any CPU
	EndGlobalSection
	GlobalSection(ProjectConfigurationPlatforms) = postSolution
		{DC3AC48E-8A97-45F0-A583-447D30C44163}.Debug|Any CPU.ActiveCfg = Debug|Any CPU
		{DC3AC48E-8A97-45F0-A583-447D30C44163}.Debug|Any CPU.Build.0 = Debug|Any CPU
		{DC3AC48E-8A97-45F0-A583-447D30C44163}.Release|Any CPU.ActiveCfg = Release|Any CPU
		{DC3AC48E-8A97-45F0-A583-447D30C44163}.Release|Any CPU.Build.0 = Release|Any CPU
	EndGlobalSection
	GlobalSection(SolutionProperties) = preSolution
		HideSolutionNode = FALSE
	EndGlobalSection
	GlobalSection(ExtensibilityGlobals) = postSolution
		SolutionGuid = {B716B950-39CD-46B3-A2B6-D5BF05C1BDFE}
	EndGlobalSection
EndGlobal
